
Microsoft Visual Studio Solution File, Format Version 12.00
# Visual Studio Version 17
VisualStudioVersion = 17.5.002.0
MinimumVisualStudioVersion = 10.0.40219.1
Project("{9A19103F-16F7-4668-BE54-9A1E7A4F7556}") = "dotnet", "dotnet.csproj", "{E07F378B-333D-4E20-BB06-240BF23FF52B}"
EndProject
Global
	GlobalSection(SolutionConfigurationPlatforms) = preSolution
		Debug|Any CPU = Debug|Any CPU
		Release|Any CPU = Release|Any CPU
	EndGlobalSection
	GlobalSection(ProjectConfigurationPlatforms) = postSolution
		{E07F378B-333D-4E20-BB06-240BF23FF52B}.Debug|Any CPU.ActiveCfg = Debug|Any CPU
		{E07F378B-333D-4E20-BB06-240BF23FF52B}.Debug|Any CPU.Build.0 = Debug|Any CPU
		{E07F378B-333D-4E20-BB06-240BF23FF52B}.Release|Any CPU.ActiveCfg = Release|Any CPU
		{E07F378B-333D-4E20-BB06-240BF23FF52B}.Release|Any CPU.Build.0 = Release|Any CPU
	EndGlobalSection
	GlobalSection(SolutionProperties) = preSolution
		HideSolutionNode = FALSE
	EndGlobalSection
	GlobalSection(ExtensibilityGlobals) = postSolution
		SolutionGuid = {ACD2CF69-AD7D-4744-B556-ECB8EA43158E}
	EndGlobalSection
EndGlobal
